// !$*UTF8*$!
{
	archiveVersion = 1;
	classes = {
	};
	objectVersion = 51;
	objects = {

/* Begin PBXBuildFile section */
		113A2D2C25A631150070AE18 /* APIManager.swift in Sources */ = {isa = PBXBuildFile; fileRef = 113A2D2B25A631150070AE18 /* APIManager.swift */; };
		113A2D2F25A6EFF20070AE18 /* CategoryViewModel.swift in Sources */ = {isa = PBXBuildFile; fileRef = 113A2D2E25A6EFF20070AE18 /* CategoryViewModel.swift */; };
		113A2D3725A702050070AE18 /* HomePage.swift in Sources */ = {isa = PBXBuildFile; fileRef = 113A2D3625A702050070AE18 /* HomePage.swift */; };
		113A2D4625A8A3320070AE18 /* Categories.swift in Sources */ = {isa = PBXBuildFile; fileRef = 113A2D4525A8A3320070AE18 /* Categories.swift */; };
		113A2D4925AB60260070AE18 /* Product.swift in Sources */ = {isa = PBXBuildFile; fileRef = 113A2D4825AB60260070AE18 /* Product.swift */; };
		113A2D4C25AB60980070AE18 /* Satelite.swift in Sources */ = {isa = PBXBuildFile; fileRef = 113A2D4B25AB60980070AE18 /* Satelite.swift */; };
		113A2D5425ABEBC80070AE18 /* CategoryCell.swift in Sources */ = {isa = PBXBuildFile; fileRef = 113A2D5325ABEBC80070AE18 /* CategoryCell.swift */; };
		113A2D5725ABEBDA0070AE18 /* CategoryProductCell.swift in Sources */ = {isa = PBXBuildFile; fileRef = 113A2D5625ABEBDA0070AE18 /* CategoryProductCell.swift */; };
		113A2D5D25ACC13B0070AE18 /* SateliteVC.swift in Sources */ = {isa = PBXBuildFile; fileRef = 113A2D5C25ACC13B0070AE18 /* SateliteVC.swift */; };
		113A2D6125ACE1510070AE18 /* SateliteProductCell.swift in Sources */ = {isa = PBXBuildFile; fileRef = 113A2D6025ACE1510070AE18 /* SateliteProductCell.swift */; };
		113A2D6425ACF4730070AE18 /* EmptyCell.swift in Sources */ = {isa = PBXBuildFile; fileRef = 113A2D6325ACF4730070AE18 /* EmptyCell.swift */; };
		113A2D6725AD07160070AE18 /* ImageLoader.swift in Sources */ = {isa = PBXBuildFile; fileRef = 113A2D6625AD07160070AE18 /* ImageLoader.swift */; };
		113A2D6A25AD192A0070AE18 /* CustomExtensions.swift in Sources */ = {isa = PBXBuildFile; fileRef = 113A2D6925AD192A0070AE18 /* CustomExtensions.swift */; };
		113A2D6D25AD19E40070AE18 /* CategoryVCExtension.swift in Sources */ = {isa = PBXBuildFile; fileRef = 113A2D6C25AD19E40070AE18 /* CategoryVCExtension.swift */; };
		113A2D8F25AD3C6B0070AE18 /* ProductDetailVC.swift in Sources */ = {isa = PBXBuildFile; fileRef = 113A2D8E25AD3C6B0070AE18 /* ProductDetailVC.swift */; };
		113A2D9225AD3C840070AE18 /* ProductDetailViewModel.swift in Sources */ = {isa = PBXBuildFile; fileRef = 113A2D9125AD3C840070AE18 /* ProductDetailViewModel.swift */; };
		113A2D9525AD3CA20070AE18 /* ProductDetail.swift in Sources */ = {isa = PBXBuildFile; fileRef = 113A2D9425AD3CA20070AE18 /* ProductDetail.swift */; };
		11DEEE66258E936500FB4A4E /* AppDelegate.swift in Sources */ = {isa = PBXBuildFile; fileRef = 11DEEE65258E936500FB4A4E /* AppDelegate.swift */; };
		11DEEE68258E936500FB4A4E /* SceneDelegate.swift in Sources */ = {isa = PBXBuildFile; fileRef = 11DEEE67258E936500FB4A4E /* SceneDelegate.swift */; };
		11DEEE6A258E936500FB4A4E /* ViewController.swift in Sources */ = {isa = PBXBuildFile; fileRef = 11DEEE69258E936500FB4A4E /* ViewController.swift */; };
		11DEEE6F258E936600FB4A4E /* Assets.xcassets in Resources */ = {isa = PBXBuildFile; fileRef = 11DEEE6E258E936600FB4A4E /* Assets.xcassets */; };
		11DEEE72258E936600FB4A4E /* LaunchScreen.storyboard in Resources */ = {isa = PBXBuildFile; fileRef = 11DEEE70258E936600FB4A4E /* LaunchScreen.storyboard */; };
		11DEEE84258E9D3700FB4A4E /* CategoryVC.swift in Sources */ = {isa = PBXBuildFile; fileRef = 11DEEE83258E9D3700FB4A4E /* CategoryVC.swift */; };
		40A5EBA37D8A70948A07ADEF /* Pods_AlzaCaseStudy.framework in Frameworks */ = {isa = PBXBuildFile; fileRef = 6C70469D6F972A37E9CD5A77 /* Pods_AlzaCaseStudy.framework */; };
/* End PBXBuildFile section */

/* Begin PBXFileReference section */
		113A2D2B25A631150070AE18 /* APIManager.swift */ = {isa = PBXFileReference; lastKnownFileType = sourcecode.swift; path = APIManager.swift; sourceTree = "<group>"; };
		113A2D2E25A6EFF20070AE18 /* CategoryViewModel.swift */ = {isa = PBXFileReference; lastKnownFileType = sourcecode.swift; path = CategoryViewModel.swift; sourceTree = "<group>"; };
		113A2D3625A702050070AE18 /* HomePage.swift */ = {isa = PBXFileReference; lastKnownFileType = sourcecode.swift; path = HomePage.swift; sourceTree = "<group>"; };
		113A2D4525A8A3320070AE18 /* Categories.swift */ = {isa = PBXFileReference; lastKnownFileType = sourcecode.swift; path = Categories.swift; sourceTree = "<group>"; };
		113A2D4825AB60260070AE18 /* Product.swift */ = {isa = PBXFileReference; lastKnownFileType = sourcecode.swift; path = Product.swift; sourceTree = "<group>"; };
		113A2D4B25AB60980070AE18 /* Satelite.swift */ = {isa = PBXFileReference; lastKnownFileType = sourcecode.swift; path = Satelite.swift; sourceTree = "<group>"; };
		113A2D5325ABEBC80070AE18 /* CategoryCell.swift */ = {isa = PBXFileReference; lastKnownFileType = sourcecode.swift; path = CategoryCell.swift; sourceTree = "<group>"; };
		113A2D5625ABEBDA0070AE18 /* CategoryProductCell.swift */ = {isa = PBXFileReference; lastKnownFileType = sourcecode.swift; path = CategoryProductCell.swift; sourceTree = "<group>"; };
		113A2D5C25ACC13B0070AE18 /* SateliteVC.swift */ = {isa = PBXFileReference; lastKnownFileType = sourcecode.swift; path = SateliteVC.swift; sourceTree = "<group>"; };
		113A2D6025ACE1510070AE18 /* SateliteProductCell.swift */ = {isa = PBXFileReference; lastKnownFileType = sourcecode.swift; path = SateliteProductCell.swift; sourceTree = "<group>"; };
		113A2D6325ACF4730070AE18 /* EmptyCell.swift */ = {isa = PBXFileReference; lastKnownFileType = sourcecode.swift; path = EmptyCell.swift; sourceTree = "<group>"; };
		113A2D6625AD07160070AE18 /* ImageLoader.swift */ = {isa = PBXFileReference; lastKnownFileType = sourcecode.swift; path = ImageLoader.swift; sourceTree = "<group>"; };
		113A2D6925AD192A0070AE18 /* CustomExtensions.swift */ = {isa = PBXFileReference; lastKnownFileType = sourcecode.swift; path = CustomExtensions.swift; sourceTree = "<group>"; };
		113A2D6C25AD19E40070AE18 /* CategoryVCExtension.swift */ = {isa = PBXFileReference; lastKnownFileType = sourcecode.swift; path = CategoryVCExtension.swift; sourceTree = "<group>"; };
		113A2D8E25AD3C6B0070AE18 /* ProductDetailVC.swift */ = {isa = PBXFileReference; lastKnownFileType = sourcecode.swift; path = ProductDetailVC.swift; sourceTree = "<group>"; };
		113A2D9125AD3C840070AE18 /* ProductDetailViewModel.swift */ = {isa = PBXFileReference; lastKnownFileType = sourcecode.swift; path = ProductDetailViewModel.swift; sourceTree = "<group>"; };
		113A2D9425AD3CA20070AE18 /* ProductDetail.swift */ = {isa = PBXFileReference; lastKnownFileType = sourcecode.swift; path = ProductDetail.swift; sourceTree = "<group>"; };
		11DEEE62258E936500FB4A4E /* AlzaCaseStudy.app */ = {isa = PBXFileReference; explicitFileType = wrapper.application; includeInIndex = 0; path = AlzaCaseStudy.app; sourceTree = BUILT_PRODUCTS_DIR; };
		11DEEE65258E936500FB4A4E /* AppDelegate.swift */ = {isa = PBXFileReference; lastKnownFileType = sourcecode.swift; path = AppDelegate.swift; sourceTree = "<group>"; };
		11DEEE67258E936500FB4A4E /* SceneDelegate.swift */ = {isa = PBXFileReference; lastKnownFileType = sourcecode.swift; path = SceneDelegate.swift; sourceTree = "<group>"; };
		11DEEE69258E936500FB4A4E /* ViewController.swift */ = {isa = PBXFileReference; lastKnownFileType = sourcecode.swift; path = ViewController.swift; sourceTree = "<group>"; };
		11DEEE6E258E936600FB4A4E /* Assets.xcassets */ = {isa = PBXFileReference; lastKnownFileType = folder.assetcatalog; path = Assets.xcassets; sourceTree = "<group>"; };
		11DEEE71258E936600FB4A4E /* Base */ = {isa = PBXFileReference; lastKnownFileType = file.storyboard; name = Base; path = Base.lproj/LaunchScreen.storyboard; sourceTree = "<group>"; };
		11DEEE73258E936600FB4A4E /* Info.plist */ = {isa = PBXFileReference; lastKnownFileType = text.plist.xml; path = Info.plist; sourceTree = "<group>"; };
		11DEEE83258E9D3700FB4A4E /* CategoryVC.swift */ = {isa = PBXFileReference; lastKnownFileType = sourcecode.swift; path = CategoryVC.swift; sourceTree = "<group>"; };
		44D388B02507EFA5445172B7 /* Pods-AlzaCaseStudy.debug.xcconfig */ = {isa = PBXFileReference; includeInIndex = 1; lastKnownFileType = text.xcconfig; name = "Pods-AlzaCaseStudy.debug.xcconfig"; path = "Target Support Files/Pods-AlzaCaseStudy/Pods-AlzaCaseStudy.debug.xcconfig"; sourceTree = "<group>"; };
		4F94441DC7A1087A22D9C46F /* Pods-AlzaCaseStudy.release.xcconfig */ = {isa = PBXFileReference; includeInIndex = 1; lastKnownFileType = text.xcconfig; name = "Pods-AlzaCaseStudy.release.xcconfig"; path = "Target Support Files/Pods-AlzaCaseStudy/Pods-AlzaCaseStudy.release.xcconfig"; sourceTree = "<group>"; };
		6C70469D6F972A37E9CD5A77 /* Pods_AlzaCaseStudy.framework */ = {isa = PBXFileReference; explicitFileType = wrapper.framework; includeInIndex = 0; path = Pods_AlzaCaseStudy.framework; sourceTree = BUILT_PRODUCTS_DIR; };
/* End PBXFileReference section */

/* Begin PBXFrameworksBuildPhase section */
		11DEEE5F258E936500FB4A4E /* Frameworks */ = {
			isa = PBXFrameworksBuildPhase;
			buildActionMask = 2147483647;
			files = (
				40A5EBA37D8A70948A07ADEF /* Pods_AlzaCaseStudy.framework in Frameworks */,
			);
			runOnlyForDeploymentPostprocessing = 0;
		};
/* End PBXFrameworksBuildPhase section */

/* Begin PBXGroup section */
		0E93E70349CCD675A8F62BAA /* Frameworks */ = {
			isa = PBXGroup;
			children = (
				6C70469D6F972A37E9CD5A77 /* Pods_AlzaCaseStudy.framework */,
			);
			name = Frameworks;
			sourceTree = "<group>";
		};
		113A2D2325A6306D0070AE18 /* Services */ = {
			isa = PBXGroup;
			children = (
				113A2D2B25A631150070AE18 /* APIManager.swift */,
			);
			path = Services;
			sourceTree = "<group>";
		};
		113A2D2425A6307B0070AE18 /* Helpers */ = {
			isa = PBXGroup;
			children = (
				113A2D6625AD07160070AE18 /* ImageLoader.swift */,
				113A2D6925AD192A0070AE18 /* CustomExtensions.swift */,
				113A2D6C25AD19E40070AE18 /* CategoryVCExtension.swift */,
			);
			path = Helpers;
			sourceTree = "<group>";
		};
		113A2D5125ABD1280070AE18 /* Model */ = {
			isa = PBXGroup;
			children = (
				113A2D9425AD3CA20070AE18 /* ProductDetail.swift */,
			);
			path = Model;
			sourceTree = "<group>";
		};
		113A2D5F25ACE0EB0070AE18 /* Cells */ = {
			isa = PBXGroup;
			children = (
				113A2D5325ABEBC80070AE18 /* CategoryCell.swift */,
				113A2D6025ACE1510070AE18 /* SateliteProductCell.swift */,
				113A2D6325ACF4730070AE18 /* EmptyCell.swift */,
			);
			path = Cells;
			sourceTree = "<group>";
		};
		11DEEE59258E936500FB4A4E = {
			isa = PBXGroup;
			children = (
				11DEEE64258E936500FB4A4E /* AlzaCaseStudy */,
				11DEEE63258E936500FB4A4E /* Products */,
				DA51C70DA2D9DCE82EF3022B /* Pods */,
				0E93E70349CCD675A8F62BAA /* Frameworks */,
			);
			sourceTree = "<group>";
		};
		11DEEE63258E936500FB4A4E /* Products */ = {
			isa = PBXGroup;
			children = (
				11DEEE62258E936500FB4A4E /* AlzaCaseStudy.app */,
			);
			name = Products;
			sourceTree = "<group>";
		};
		11DEEE64258E936500FB4A4E /* AlzaCaseStudy */ = {
			isa = PBXGroup;
			children = (
				113A2D2425A6307B0070AE18 /* Helpers */,
				113A2D2325A6306D0070AE18 /* Services */,
				11DEEE7C258E972D00FB4A4E /* Product */,
				11DEEE7B258E972200FB4A4E /* Category */,
				11DEEE65258E936500FB4A4E /* AppDelegate.swift */,
				11DEEE67258E936500FB4A4E /* SceneDelegate.swift */,
				11DEEE69258E936500FB4A4E /* ViewController.swift */,
				11DEEE6E258E936600FB4A4E /* Assets.xcassets */,
				11DEEE70258E936600FB4A4E /* LaunchScreen.storyboard */,
				11DEEE73258E936600FB4A4E /* Info.plist */,
			);
			path = AlzaCaseStudy;
			sourceTree = "<group>";
		};
		11DEEE7B258E972200FB4A4E /* Category */ = {
			isa = PBXGroup;
			children = (
				11DEEE82258E977500FB4A4E /* Model */,
				11DEEE81258E976D00FB4A4E /* ViewModel */,
				11DEEE80258E976700FB4A4E /* View */,
			);
			path = Category;
			sourceTree = "<group>";
		};
		11DEEE7C258E972D00FB4A4E /* Product */ = {
			isa = PBXGroup;
			children = (
				113A2D5125ABD1280070AE18 /* Model */,
				11DEEE7E258E975000FB4A4E /* ViewModel */,
				11DEEE7D258E974900FB4A4E /* View */,
			);
			path = Product;
			sourceTree = "<group>";
		};
		11DEEE7D258E974900FB4A4E /* View */ = {
			isa = PBXGroup;
			children = (
				113A2D8E25AD3C6B0070AE18 /* ProductDetailVC.swift */,
			);
			path = View;
			sourceTree = "<group>";
		};
		11DEEE7E258E975000FB4A4E /* ViewModel */ = {
			isa = PBXGroup;
			children = (
				113A2D9125AD3C840070AE18 /* ProductDetailViewModel.swift */,
			);
			path = ViewModel;
			sourceTree = "<group>";
		};
		11DEEE80258E976700FB4A4E /* View */ = {
			isa = PBXGroup;
			children = (
				113A2D5F25ACE0EB0070AE18 /* Cells */,
				11DEEE83258E9D3700FB4A4E /* CategoryVC.swift */,
				113A2D5625ABEBDA0070AE18 /* CategoryProductCell.swift */,
				113A2D5C25ACC13B0070AE18 /* SateliteVC.swift */,
			);
			path = View;
			sourceTree = "<group>";
		};
		11DEEE81258E976D00FB4A4E /* ViewModel */ = {
			isa = PBXGroup;
			children = (
				113A2D2E25A6EFF20070AE18 /* CategoryViewModel.swift */,
			);
			path = ViewModel;
			sourceTree = "<group>";
		};
		11DEEE82258E977500FB4A4E /* Model */ = {
			isa = PBXGroup;
			children = (
				113A2D3625A702050070AE18 /* HomePage.swift */,
				113A2D4525A8A3320070AE18 /* Categories.swift */,
				113A2D4825AB60260070AE18 /* Product.swift */,
				113A2D4B25AB60980070AE18 /* Satelite.swift */,
			);
			path = Model;
			sourceTree = "<group>";
		};
		DA51C70DA2D9DCE82EF3022B /* Pods */ = {
			isa = PBXGroup;
			children = (
				44D388B02507EFA5445172B7 /* Pods-AlzaCaseStudy.debug.xcconfig */,
				4F94441DC7A1087A22D9C46F /* Pods-AlzaCaseStudy.release.xcconfig */,
			);
			path = Pods;
			sourceTree = "<group>";
		};
/* End PBXGroup section */

/* Begin PBXNativeTarget section */
		11DEEE61258E936500FB4A4E /* AlzaCaseStudy */ = {
			isa = PBXNativeTarget;
			buildConfigurationList = 11DEEE76258E936600FB4A4E /* Build configuration list for PBXNativeTarget "AlzaCaseStudy" */;
			buildPhases = (
				426C1B0ADE31EE1ABB539784 /* [CP] Check Pods Manifest.lock */,
				11DEEE5E258E936500FB4A4E /* Sources */,
				11DEEE5F258E936500FB4A4E /* Frameworks */,
				11DEEE60258E936500FB4A4E /* Resources */,
				191DCC07F85EBABF047828C8 /* [CP] Embed Pods Frameworks */,
			);
			buildRules = (
			);
			dependencies = (
			);
			name = AlzaCaseStudy;
			productName = AlzaCaseStudy;
			productReference = 11DEEE62258E936500FB4A4E /* AlzaCaseStudy.app */;
			productType = "com.apple.product-type.application";
		};
/* End PBXNativeTarget section */

/* Begin PBXProject section */
		11DEEE5A258E936500FB4A4E /* Project object */ = {
			isa = PBXProject;
			attributes = {
				LastSwiftUpdateCheck = 1230;
				LastUpgradeCheck = 1230;
				TargetAttributes = {
					11DEEE61258E936500FB4A4E = {
						CreatedOnToolsVersion = 12.3;
					};
				};
			};
			buildConfigurationList = 11DEEE5D258E936500FB4A4E /* Build configuration list for PBXProject "AlzaCaseStudy" */;
			compatibilityVersion = "Xcode 9.3";
			developmentRegion = en;
			hasScannedForEncodings = 0;
			knownRegions = (
				en,
				Base,
			);
			mainGroup = 11DEEE59258E936500FB4A4E;
			productRefGroup = 11DEEE63258E936500FB4A4E /* Products */;
			projectDirPath = "";
			projectRoot = "";
			targets = (
				11DEEE61258E936500FB4A4E /* AlzaCaseStudy */,
			);
		};
/* End PBXProject section */

/* Begin PBXResourcesBuildPhase section */
		11DEEE60258E936500FB4A4E /* Resources */ = {
			isa = PBXResourcesBuildPhase;
			buildActionMask = 2147483647;
			files = (
				11DEEE72258E936600FB4A4E /* LaunchScreen.storyboard in Resources */,
				11DEEE6F258E936600FB4A4E /* Assets.xcassets in Resources */,
			);
			runOnlyForDeploymentPostprocessing = 0;
		};
/* End PBXResourcesBuildPhase section */

/* Begin PBXShellScriptBuildPhase section */
		191DCC07F85EBABF047828C8 /* [CP] Embed Pods Frameworks */ = {
			isa = PBXShellScriptBuildPhase;
			buildActionMask = 2147483647;
			files = (
			);
			inputFileListPaths = (
				"${PODS_ROOT}/Target Support Files/Pods-AlzaCaseStudy/Pods-AlzaCaseStudy-frameworks-${CONFIGURATION}-input-files.xcfilelist",
			);
			name = "[CP] Embed Pods Frameworks";
			outputFileListPaths = (
				"${PODS_ROOT}/Target Support Files/Pods-AlzaCaseStudy/Pods-AlzaCaseStudy-frameworks-${CONFIGURATION}-output-files.xcfilelist",
			);
			runOnlyForDeploymentPostprocessing = 0;
			shellPath = /bin/sh;
			shellScript = "\"${PODS_ROOT}/Target Support Files/Pods-AlzaCaseStudy/Pods-AlzaCaseStudy-frameworks.sh\"\n";
			showEnvVarsInLog = 0;
		};
		426C1B0ADE31EE1ABB539784 /* [CP] Check Pods Manifest.lock */ = {
			isa = PBXShellScriptBuildPhase;
			buildActionMask = 2147483647;
			files = (
			);
			inputFileListPaths = (
			);
			inputPaths = (
				"${PODS_PODFILE_DIR_PATH}/Podfile.lock",
				"${PODS_ROOT}/Manifest.lock",
			);
			name = "[CP] Check Pods Manifest.lock";
			outputFileListPaths = (
			);
			outputPaths = (
				"$(DERIVED_FILE_DIR)/Pods-AlzaCaseStudy-checkManifestLockResult.txt",
			);
			runOnlyForDeploymentPostprocessing = 0;
			shellPath = /bin/sh;
			shellScript = "diff \"${PODS_PODFILE_DIR_PATH}/Podfile.lock\" \"${PODS_ROOT}/Manifest.lock\" > /dev/null\nif [ $? != 0 ] ; then\n    # print error to STDERR\n    echo \"error: The sandbox is not in sync with the Podfile.lock. Run 'pod install' or update your CocoaPods installation.\" >&2\n    exit 1\nfi\n# This output is used by Xcode 'outputs' to avoid re-running this script phase.\necho \"SUCCESS\" > \"${SCRIPT_OUTPUT_FILE_0}\"\n";
			showEnvVarsInLog = 0;
		};
/* End PBXShellScriptBuildPhase section */

/* Begin PBXSourcesBuildPhase section */
		11DEEE5E258E936500FB4A4E /* Sources */ = {
			isa = PBXSourcesBuildPhase;
			buildActionMask = 2147483647;
			files = (
				113A2D4C25AB60980070AE18 /* Satelite.swift in Sources */,
				113A2D8F25AD3C6B0070AE18 /* ProductDetailVC.swift in Sources */,
				11DEEE6A258E936500FB4A4E /* ViewController.swift in Sources */,
				113A2D4625A8A3320070AE18 /* Categories.swift in Sources */,
				113A2D4925AB60260070AE18 /* Product.swift in Sources */,
				11DEEE66258E936500FB4A4E /* AppDelegate.swift in Sources */,
				113A2D6125ACE1510070AE18 /* SateliteProductCell.swift in Sources */,
				113A2D5D25ACC13B0070AE18 /* SateliteVC.swift in Sources */,
				113A2D2C25A631150070AE18 /* APIManager.swift in Sources */,
				11DEEE84258E9D3700FB4A4E /* CategoryVC.swift in Sources */,
				113A2D6425ACF4730070AE18 /* EmptyCell.swift in Sources */,
				113A2D5725ABEBDA0070AE18 /* CategoryProductCell.swift in Sources */,
				113A2D6725AD07160070AE18 /* ImageLoader.swift in Sources */,
				113A2D6A25AD192A0070AE18 /* CustomExtensions.swift in Sources */,
				113A2D2F25A6EFF20070AE18 /* CategoryViewModel.swift in Sources */,
				113A2D6D25AD19E40070AE18 /* CategoryVCExtension.swift in Sources */,
				113A2D3725A702050070AE18 /* HomePage.swift in Sources */,
				113A2D9225AD3C840070AE18 /* ProductDetailViewModel.swift in Sources */,
				11DEEE68258E936500FB4A4E /* SceneDelegate.swift in Sources */,
				113A2D9525AD3CA20070AE18 /* ProductDetail.swift in Sources */,
				113A2D5425ABEBC80070AE18 /* CategoryCell.swift in Sources */,
			);
			runOnlyForDeploymentPostprocessing = 0;
		};
/* End PBXSourcesBuildPhase section */

/* Begin PBXVariantGroup section */
		11DEEE70258E936600FB4A4E /* LaunchScreen.storyboard */ = {
			isa = PBXVariantGroup;
			children = (
				11DEEE71258E936600FB4A4E /* Base */,
			);
			name = LaunchScreen.storyboard;
			sourceTree = "<group>";
		};
/* End PBXVariantGroup section */

/* Begin XCBuildConfiguration section */
		11DEEE74258E936600FB4A4E /* Debug */ = {
			isa = XCBuildConfiguration;
			buildSettings = {
				ALWAYS_SEARCH_USER_PATHS = NO;
				CLANG_ANALYZER_NONNULL = YES;
				CLANG_ANALYZER_NUMBER_OBJECT_CONVERSION = YES_AGGRESSIVE;
				CLANG_CXX_LANGUAGE_STANDARD = "gnu++14";
				CLANG_CXX_LIBRARY = "libc++";
				CLANG_ENABLE_MODULES = YES;
				CLANG_ENABLE_OBJC_ARC = YES;
				CLANG_ENABLE_OBJC_WEAK = YES;
				CLANG_WARN_BLOCK_CAPTURE_AUTORELEASING = YES;
				CLANG_WARN_BOOL_CONVERSION = YES;
				CLANG_WARN_COMMA = YES;
				CLANG_WARN_CONSTANT_CONVERSION = YES;
				CLANG_WARN_DEPRECATED_OBJC_IMPLEMENTATIONS = YES;
				CLANG_WARN_DIRECT_OBJC_ISA_USAGE = YES_ERROR;
				CLANG_WARN_DOCUMENTATION_COMMENTS = YES;
				CLANG_WARN_EMPTY_BODY = YES;
				CLANG_WARN_ENUM_CONVERSION = YES;
				CLANG_WARN_INFINITE_RECURSION = YES;
				CLANG_WARN_INT_CONVERSION = YES;
				CLANG_WARN_NON_LITERAL_NULL_CONVERSION = YES;
				CLANG_WARN_OBJC_IMPLICIT_RETAIN_SELF = YES;
				CLANG_WARN_OBJC_LITERAL_CONVERSION = YES;
				CLANG_WARN_OBJC_ROOT_CLASS = YES_ERROR;
				CLANG_WARN_QUOTED_INCLUDE_IN_FRAMEWORK_HEADER = YES;
				CLANG_WARN_RANGE_LOOP_ANALYSIS = YES;
				CLANG_WARN_STRICT_PROTOTYPES = YES;
				CLANG_WARN_SUSPICIOUS_MOVE = YES;
				CLANG_WARN_UNGUARDED_AVAILABILITY = YES_AGGRESSIVE;
				CLANG_WARN_UNREACHABLE_CODE = YES;
				CLANG_WARN__DUPLICATE_METHOD_MATCH = YES;
				COPY_PHASE_STRIP = NO;
				DEBUG_INFORMATION_FORMAT = dwarf;
				ENABLE_STRICT_OBJC_MSGSEND = YES;
				ENABLE_TESTABILITY = YES;
				GCC_C_LANGUAGE_STANDARD = gnu11;
				GCC_DYNAMIC_NO_PIC = NO;
				GCC_NO_COMMON_BLOCKS = YES;
				GCC_OPTIMIZATION_LEVEL = 0;
				GCC_PREPROCESSOR_DEFINITIONS = (
					"DEBUG=1",
					"$(inherited)",
				);
				GCC_WARN_64_TO_32_BIT_CONVERSION = YES;
				GCC_WARN_ABOUT_RETURN_TYPE = YES_ERROR;
				GCC_WARN_UNDECLARED_SELECTOR = YES;
				GCC_WARN_UNINITIALIZED_AUTOS = YES_AGGRESSIVE;
				GCC_WARN_UNUSED_FUNCTION = YES;
				GCC_WARN_UNUSED_VARIABLE = YES;
				IPHONEOS_DEPLOYMENT_TARGET = 14.3;
				MTL_ENABLE_DEBUG_INFO = INCLUDE_SOURCE;
				MTL_FAST_MATH = YES;
				ONLY_ACTIVE_ARCH = YES;
				SDKROOT = iphoneos;
				SWIFT_ACTIVE_COMPILATION_CONDITIONS = DEBUG;
				SWIFT_OPTIMIZATION_LEVEL = "-Onone";
			};
			name = Debug;
		};
		11DEEE75258E936600FB4A4E /* Release */ = {
			isa = XCBuildConfiguration;
			buildSettings = {
				ALWAYS_SEARCH_USER_PATHS = NO;
				CLANG_ANALYZER_NONNULL = YES;
				CLANG_ANALYZER_NUMBER_OBJECT_CONVERSION = YES_AGGRESSIVE;
				CLANG_CXX_LANGUAGE_STANDARD = "gnu++14";
				CLANG_CXX_LIBRARY = "libc++";
				CLANG_ENABLE_MODULES = YES;
				CLANG_ENABLE_OBJC_ARC = YES;
				CLANG_ENABLE_OBJC_WEAK = YES;
				CLANG_WARN_BLOCK_CAPTURE_AUTORELEASING = YES;
				CLANG_WARN_BOOL_CONVERSION = YES;
				CLANG_WARN_COMMA = YES;
				CLANG_WARN_CONSTANT_CONVERSION = YES;
				CLANG_WARN_DEPRECATED_OBJC_IMPLEMENTATIONS = YES;
				CLANG_WARN_DIRECT_OBJC_ISA_USAGE = YES_ERROR;
				CLANG_WARN_DOCUMENTATION_COMMENTS = YES;
				CLANG_WARN_EMPTY_BODY = YES;
				CLANG_WARN_ENUM_CONVERSION = YES;
				CLANG_WARN_INFINITE_RECURSION = YES;
				CLANG_WARN_INT_CONVERSION = YES;
				CLANG_WARN_NON_LITERAL_NULL_CONVERSION = YES;
				CLANG_WARN_OBJC_IMPLICIT_RETAIN_SELF = YES;
				CLANG_WARN_OBJC_LITERAL_CONVERSION = YES;
				CLANG_WARN_OBJC_ROOT_CLASS = YES_ERROR;
				CLANG_WARN_QUOTED_INCLUDE_IN_FRAMEWORK_HEADER = YES;
				CLANG_WARN_RANGE_LOOP_ANALYSIS = YES;
				CLANG_WARN_STRICT_PROTOTYPES = YES;
				CLANG_WARN_SUSPICIOUS_MOVE = YES;
				CLANG_WARN_UNGUARDED_AVAILABILITY = YES_AGGRESSIVE;
				CLANG_WARN_UNREACHABLE_CODE = YES;
				CLANG_WARN__DUPLICATE_METHOD_MATCH = YES;
				COPY_PHASE_STRIP = NO;
				DEBUG_INFORMATION_FORMAT = "dwarf-with-dsym";
				ENABLE_NS_ASSERTIONS = NO;
				ENABLE_STRICT_OBJC_MSGSEND = YES;
				GCC_C_LANGUAGE_STANDARD = gnu11;
				GCC_NO_COMMON_BLOCKS = YES;
				GCC_WARN_64_TO_32_BIT_CONVERSION = YES;
				GCC_WARN_ABOUT_RETURN_TYPE = YES_ERROR;
				GCC_WARN_UNDECLARED_SELECTOR = YES;
				GCC_WARN_UNINITIALIZED_AUTOS = YES_AGGRESSIVE;
				GCC_WARN_UNUSED_FUNCTION = YES;
				GCC_WARN_UNUSED_VARIABLE = YES;
				IPHONEOS_DEPLOYMENT_TARGET = 14.3;
				MTL_ENABLE_DEBUG_INFO = NO;
				MTL_FAST_MATH = YES;
				SDKROOT = iphoneos;
				SWIFT_COMPILATION_MODE = wholemodule;
				SWIFT_OPTIMIZATION_LEVEL = "-O";
				VALIDATE_PRODUCT = YES;
			};
			name = Release;
		};
		11DEEE77258E936600FB4A4E /* Debug */ = {
			isa = XCBuildConfiguration;
			baseConfigurationReference = 44D388B02507EFA5445172B7 /* Pods-AlzaCaseStudy.debug.xcconfig */;
			buildSettings = {
				ASSETCATALOG_COMPILER_APPICON_NAME = AppIcon;
				ASSETCATALOG_COMPILER_GLOBAL_ACCENT_COLOR_NAME = AccentColor;
				CODE_SIGN_STYLE = Automatic;
				DEVELOPMENT_TEAM = GU93CWZMAV;
				INFOPLIST_FILE = AlzaCaseStudy/Info.plist;
				LD_RUNPATH_SEARCH_PATHS = (
					"$(inherited)",
					"@executable_path/Frameworks",
				);
				PRODUCT_BUNDLE_IDENTIFIER = cz.petrpodzimek.AlzaCaseStudy;
				PRODUCT_NAME = "$(TARGET_NAME)";
				SWIFT_VERSION = 5.0;
				TARGETED_DEVICE_FAMILY = 1;
			};
			name = Debug;
		};
		11DEEE78258E936600FB4A4E /* Release */ = {
			isa = XCBuildConfiguration;
			baseConfigurationReference = 4F94441DC7A1087A22D9C46F /* Pods-AlzaCaseStudy.release.xcconfig */;
			buildSettings = {
				ASSETCATALOG_COMPILER_APPICON_NAME = AppIcon;
				ASSETCATALOG_COMPILER_GLOBAL_ACCENT_COLOR_NAME = AccentColor;
				CODE_SIGN_STYLE = Automatic;
				DEVELOPMENT_TEAM = GU93CWZMAV;
				INFOPLIST_FILE = AlzaCaseStudy/Info.plist;
				LD_RUNPATH_SEARCH_PATHS = (
					"$(inherited)",
					"@executable_path/Frameworks",
				);
				PRODUCT_BUNDLE_IDENTIFIER = cz.petrpodzimek.AlzaCaseStudy;
				PRODUCT_NAME = "$(TARGET_NAME)";
				SWIFT_VERSION = 5.0;
				TARGETED_DEVICE_FAMILY = 1;
			};
			name = Release;
		};
/* End XCBuildConfiguration section */

/* Begin XCConfigurationList section */
		11DEEE5D258E936500FB4A4E /* Build configuration list for PBXProject "AlzaCaseStudy" */ = {
			isa = XCConfigurationList;
			buildConfigurations = (
				11DEEE74258E936600FB4A4E /* Debug */,
				11DEEE75258E936600FB4A4E /* Release */,
			);
			defaultConfigurationIsVisible = 0;
			defaultConfigurationName = Release;
		};
		11DEEE76258E936600FB4A4E /* Build configuration list for PBXNativeTarget "AlzaCaseStudy" */ = {
			isa = XCConfigurationList;
			buildConfigurations = (
				11DEEE77258E936600FB4A4E /* Debug */,
				11DEEE78258E936600FB4A4E /* Release */,
			);
			defaultConfigurationIsVisible = 0;
			defaultConfigurationName = Release;
		};
/* End XCConfigurationList section */
	};
	rootObject = 11DEEE5A258E936500FB4A4E /* Project object */;
}
